
Microsoft Visual Studio Solution File, Format Version 12.00
# Visual Studio Version 17
VisualStudioVersion = 17.1.32421.90
MinimumVisualStudioVersion = 10.0.40219.1
Project("{FAE04EC0-301F-11D3-BF4B-00C04F79EFBC}") = "WindowsRegistryEditor", "WindowsRegistryEditor\WindowsRegistryEditor.csproj", "{4C6D79DA-4199-4E0D-9F48-9C193F39C941}"
EndProject
Global
	GlobalSection(SolutionConfigurationPlatforms) = preSolution
		Debug|Any CPU = Debug|Any CPU
		Release|Any CPU = Release|Any CPU
	EndGlobalSection
	GlobalSection(ProjectConfigurationPlatforms) = postSolution
		{4C6D79DA-4199-4E0D-9F48-9C193F39C941}.Debug|Any CPU.ActiveCfg = Debug|Any CPU
		{4C6D79DA-4199-4E0D-9F48-9C193F39C941}.Debug|Any CPU.Build.0 = Debug|Any CPU
		{4C6D79DA-4199-4E0D-9F48-9C193F39C941}.Release|Any CPU.ActiveCfg = Release|Any CPU
		{4C6D79DA-4199-4E0D-9F48-9C193F39C941}.Release|Any CPU.Build.0 = Release|Any CPU
	EndGlobalSection
	GlobalSection(SolutionProperties) = preSolution
		HideSolutionNode = FALSE
	EndGlobalSection
	GlobalSection(ExtensibilityGlobals) = postSolution
		SolutionGuid = {9F794F35-7383-44B2-BC47-33A8B48D8C6C}
	EndGlobalSection
EndGlobal
